Microsoft Visual Studio Solution File, Format Version 12.00
# Visual Studio Version 17
VisualStudioVersion = 17.5.2.0
MinimumVisualStudioVersion = 10.0.40219.1
Project("{FAE04EC0-301F-11D3-BF4B-00C04F79EFBC}") = "oDespertarDaForca", "oDespertarDaForca.csproj", "{39DEB339-93F6-8274-4986-4A8AD408B4BC}"
EndProject
Global
	GlobalSection(SolutionConfigurationPlatforms) = preSolution
		Debug|Any CPU = Debug|Any CPU
		Release|Any CPU = Release|Any CPU
	EndGlobalSection
	GlobalSection(ProjectConfigurationPlatforms) = postSolution
		{39DEB339-93F6-8274-4986-4A8AD408B4BC}.Debug|Any CPU.ActiveCfg = Debug|Any CPU
		{39DEB339-93F6-8274-4986-4A8AD408B4BC}.Debug|Any CPU.Build.0 = Debug|Any CPU
		{39DEB339-93F6-8274-4986-4A8AD408B4BC}.Release|Any CPU.ActiveCfg = Release|Any CPU
		{39DEB339-93F6-8274-4986-4A8AD408B4BC}.Release|Any CPU.Build.0 = Release|Any CPU
	EndGlobalSection
	GlobalSection(SolutionProperties) = preSolution
		HideSolutionNode = FALSE
	EndGlobalSection
	GlobalSection(ExtensibilityGlobals) = postSolution
		SolutionGuid = {750EFA96-6360-4735-A140-4BEE65CB5D09}
	EndGlobalSection
EndGlobal
