Microsoft Visual Studio Solution File, Format Version 12.00
# Visual Studio Version 17
VisualStudioVersion = 17.5.2.0
MinimumVisualStudioVersion = 10.0.40219.1
Project("{FAE04EC0-301F-11D3-BF4B-00C04F79EFBC}") = "fibonacciEmVetor", "fibonacciEmVetor.csproj", "{F2ECB9A0-4F40-D56F-8444-E7C258E7F046}"
EndProject
Global
	GlobalSection(SolutionConfigurationPlatforms) = preSolution
		Debug|Any CPU = Debug|Any CPU
		Release|Any CPU = Release|Any CPU
	EndGlobalSection
	GlobalSection(ProjectConfigurationPlatforms) = postSolution
		{F2ECB9A0-4F40-D56F-8444-E7C258E7F046}.Debug|Any CPU.ActiveCfg = Debug|Any CPU
		{F2ECB9A0-4F40-D56F-8444-E7C258E7F046}.Debug|Any CPU.Build.0 = Debug|Any CPU
		{F2ECB9A0-4F40-D56F-8444-E7C258E7F046}.Release|Any CPU.ActiveCfg = Release|Any CPU
		{F2ECB9A0-4F40-D56F-8444-E7C258E7F046}.Release|Any CPU.Build.0 = Release|Any CPU
	EndGlobalSection
	GlobalSection(SolutionProperties) = preSolution
		HideSolutionNode = FALSE
	EndGlobalSection
	GlobalSection(ExtensibilityGlobals) = postSolution
		SolutionGuid = {EFAF6E82-3BA7-40FA-B36E-72FBEADCAB18}
	EndGlobalSection
EndGlobal
