Microsoft Visual Studio Solution File, Format Version 12.00
# Visual Studio Version 17
VisualStudioVersion = 17.5.2.0
MinimumVisualStudioVersion = 10.0.40219.1
Project("{FAE04EC0-301F-11D3-BF4B-00C04F79EFBC}") = "horaDaCorrida", "horaDaCorrida.csproj", "{437AF812-0E14-3FFD-D447-842D8A9AA78B}"
EndProject
Global
	GlobalSection(SolutionConfigurationPlatforms) = preSolution
		Debug|Any CPU = Debug|Any CPU
		Release|Any CPU = Release|Any CPU
	EndGlobalSection
	GlobalSection(ProjectConfigurationPlatforms) = postSolution
		{437AF812-0E14-3FFD-D447-842D8A9AA78B}.Debug|Any CPU.ActiveCfg = Debug|Any CPU
		{437AF812-0E14-3FFD-D447-842D8A9AA78B}.Debug|Any CPU.Build.0 = Debug|Any CPU
		{437AF812-0E14-3FFD-D447-842D8A9AA78B}.Release|Any CPU.ActiveCfg = Release|Any CPU
		{437AF812-0E14-3FFD-D447-842D8A9AA78B}.Release|Any CPU.Build.0 = Release|Any CPU
	EndGlobalSection
	GlobalSection(SolutionProperties) = preSolution
		HideSolutionNode = FALSE
	EndGlobalSection
	GlobalSection(ExtensibilityGlobals) = postSolution
		SolutionGuid = {C67E932A-2BEF-406B-95AF-6AAA65DB4DB5}
	EndGlobalSection
EndGlobal
