Microsoft Visual Studio Solution File, Format Version 12.00
# Visual Studio Version 17
VisualStudioVersion = 17.5.2.0
MinimumVisualStudioVersion = 10.0.40219.1
Project("{FAE04EC0-301F-11D3-BF4B-00C04F79EFBC}") = "tipoDeCombustivel", "tipoDeCombustivel.csproj", "{53077F22-22B9-E394-E835-FEB2BDA23FBC}"
EndProject
Global
	GlobalSection(SolutionConfigurationPlatforms) = preSolution
		Debug|Any CPU = Debug|Any CPU
		Release|Any CPU = Release|Any CPU
	EndGlobalSection
	GlobalSection(ProjectConfigurationPlatforms) = postSolution
		{53077F22-22B9-E394-E835-FEB2BDA23FBC}.Debug|Any CPU.ActiveCfg = Debug|Any CPU
		{53077F22-22B9-E394-E835-FEB2BDA23FBC}.Debug|Any CPU.Build.0 = Debug|Any CPU
		{53077F22-22B9-E394-E835-FEB2BDA23FBC}.Release|Any CPU.ActiveCfg = Release|Any CPU
		{53077F22-22B9-E394-E835-FEB2BDA23FBC}.Release|Any CPU.Build.0 = Release|Any CPU
	EndGlobalSection
	GlobalSection(SolutionProperties) = preSolution
		HideSolutionNode = FALSE
	EndGlobalSection
	GlobalSection(ExtensibilityGlobals) = postSolution
		SolutionGuid = {D08D551E-1871-4157-87B9-45E37387AC08}
	EndGlobalSection
EndGlobal
